
Microsoft Visual Studio Solution File, Format Version 12.00
# Visual Studio 15
VisualStudioVersion = 15.0.28307.102
MinimumVisualStudioVersion = 10.0.40219.1
Project("{FAE04EC0-301F-11D3-BF4B-00C04F79EFBC}") = "DotNetMemoryCache", "DotNetMemoryCache\DotNetMemoryCache.csproj", "{99BBFB59-52BE-4EC6-B45A-D36CF83B2598}"
EndProject
Project("{FAE04EC0-301F-11D3-BF4B-00C04F79EFBC}") = "MemcachedTest", "MemcachedTest\MemcachedTest.csproj", "{3413E655-00A9-438D-B790-06B891AA6D87}"
EndProject
Project("{FAE04EC0-301F-11D3-BF4B-00C04F79EFBC}") = "RedisTest", "RedisTest\RedisTest.csproj", "{D9AD0529-DF65-4F43-B96F-BFBBA2F315FC}"
EndProject
Global
	GlobalSection(SolutionConfigurationPlatforms) = preSolution
		Debug|Any CPU = Debug|Any CPU
		Release|Any CPU = Release|Any CPU
	EndGlobalSection
	GlobalSection(ProjectConfigurationPlatforms) = postSolution
		{99BBFB59-52BE-4EC6-B45A-D36CF83B2598}.Debug|Any CPU.ActiveCfg = Debug|Any CPU
		{99BBFB59-52BE-4EC6-B45A-D36CF83B2598}.Debug|Any CPU.Build.0 = Debug|Any CPU
		{99BBFB59-52BE-4EC6-B45A-D36CF83B2598}.Release|Any CPU.ActiveCfg = Release|Any CPU
		{99BBFB59-52BE-4EC6-B45A-D36CF83B2598}.Release|Any CPU.Build.0 = Release|Any CPU
		{3413E655-00A9-438D-B790-06B891AA6D87}.Debug|Any CPU.ActiveCfg = Debug|Any CPU
		{3413E655-00A9-438D-B790-06B891AA6D87}.Debug|Any CPU.Build.0 = Debug|Any CPU
		{3413E655-00A9-438D-B790-06B891AA6D87}.Release|Any CPU.ActiveCfg = Release|Any CPU
		{3413E655-00A9-438D-B790-06B891AA6D87}.Release|Any CPU.Build.0 = Release|Any CPU
		{D9AD0529-DF65-4F43-B96F-BFBBA2F315FC}.Debug|Any CPU.ActiveCfg = Debug|Any CPU
		{D9AD0529-DF65-4F43-B96F-BFBBA2F315FC}.Debug|Any CPU.Build.0 = Debug|Any CPU
		{D9AD0529-DF65-4F43-B96F-BFBBA2F315FC}.Release|Any CPU.ActiveCfg = Release|Any CPU
		{D9AD0529-DF65-4F43-B96F-BFBBA2F315FC}.Release|Any CPU.Build.0 = Release|Any CPU
	EndGlobalSection
	GlobalSection(SolutionProperties) = preSolution
		HideSolutionNode = FALSE
	EndGlobalSection
	GlobalSection(ExtensibilityGlobals) = postSolution
		SolutionGuid = {2933097F-A8FA-4A48-9513-72CAF3912C3E}
	EndGlobalSection
EndGlobal
